
Microsoft Visual Studio Solution File, Format Version 12.00
# Visual Studio Version 17
VisualStudioVersion = 17.0.31903.59
MinimumVisualStudioVersion = 10.0.40219.1
Project("{2150E333-8FDC-42A3-9474-1A3956D46DE8}") = "src", "src", "{E40F9187-08DF-480D-938A-59B43B1E73E7}"
EndProject
Project("{FAE04EC0-301F-11D3-BF4B-00C04F79EFBC}") = "InvoiceAPI", "src\InvoiceAPI\InvoiceAPI.csproj", "{80D011DF-36FF-4D17-A551-7797AC6F07C0}"
EndProject
Global
	GlobalSection(SolutionConfigurationPlatforms) = preSolution
		Debug|Any CPU = Debug|Any CPU
		Release|Any CPU = Release|Any CPU
	EndGlobalSection
	GlobalSection(SolutionProperties) = preSolution
		HideSolutionNode = FALSE
	EndGlobalSection
	GlobalSection(ProjectConfigurationPlatforms) = postSolution
		{80D011DF-36FF-4D17-A551-7797AC6F07C0}.Debug|Any CPU.ActiveCfg = Debug|Any CPU
		{80D011DF-36FF-4D17-A551-7797AC6F07C0}.Debug|Any CPU.Build.0 = Debug|Any CPU
		{80D011DF-36FF-4D17-A551-7797AC6F07C0}.Release|Any CPU.ActiveCfg = Release|Any CPU
		{80D011DF-36FF-4D17-A551-7797AC6F07C0}.Release|Any CPU.Build.0 = Release|Any CPU
	EndGlobalSection
	GlobalSection(NestedProjects) = preSolution
		{80D011DF-36FF-4D17-A551-7797AC6F07C0} = {E40F9187-08DF-480D-938A-59B43B1E73E7}
	EndGlobalSection
EndGlobal
